
Microsoft Visual Studio Solution File, Format Version 12.00
# Visual Studio 14
VisualStudioVersion = 14.0.23107.0
MinimumVisualStudioVersion = 10.0.40219.1
Project("{FCBDD971-C683-42EF-B593-F8D4C0436F2F}") = "LiveSplit.GTAV64", "LiveSplit.GTAV64\LiveSplit.GTAV64.csproj", "{0DC3F745-DFA4-4EAF-A94E-09AC013F3515}"
EndProject
Global
	GlobalSection(SolutionConfigurationPlatforms) = preSolution
		Debug|Any CPU = Debug|Any CPU
		Release|Any CPU = Release|Any CPU
	EndGlobalSection
	GlobalSection(ProjectConfigurationPlatforms) = postSolution
		{0DC3F745-DFA4-4EAF-A94E-09AC013F3515}.Debug|Any CPU.ActiveCfg = Debug|Any CPU
		{0DC3F745-DFA4-4EAF-A94E-09AC013F3515}.Debug|Any CPU.Build.0 = Debug|Any CPU
		{0DC3F745-DFA4-4EAF-A94E-09AC013F3515}.Release|Any CPU.ActiveCfg = Release|Any CPU
		{0DC3F745-DFA4-4EAF-A94E-09AC013F3515}.Release|Any CPU.Build.0 = Release|Any CPU
	EndGlobalSection
	GlobalSection(SolutionProperties) = preSolution
		HideSolutionNode = FALSE
	EndGlobalSection
EndGlobal
